
Microsoft Visual Studio Solution File, Format Version 12.00
# Visual Studio Version 17
VisualStudioVersion = 17.4.33213.308
MinimumVisualStudioVersion = 10.0.40219.1
Project("{FAE04EC0-301F-11D3-BF4B-00C04F79EFBC}") = "VendaCarros", "VendaCarros\VendaCarros.csproj", "{635D1EE9-558D-428B-8E51-A173548B94BD}"
EndProject
Global
	GlobalSection(SolutionConfigurationPlatforms) = preSolution
		Debug|Any CPU = Debug|Any CPU
		Release|Any CPU = Release|Any CPU
	EndGlobalSection
	GlobalSection(ProjectConfigurationPlatforms) = postSolution
		{635D1EE9-558D-428B-8E51-A173548B94BD}.Debug|Any CPU.ActiveCfg = Debug|Any CPU
		{635D1EE9-558D-428B-8E51-A173548B94BD}.Debug|Any CPU.Build.0 = Debug|Any CPU
		{635D1EE9-558D-428B-8E51-A173548B94BD}.Release|Any CPU.ActiveCfg = Release|Any CPU
		{635D1EE9-558D-428B-8E51-A173548B94BD}.Release|Any CPU.Build.0 = Release|Any CPU
	EndGlobalSection
	GlobalSection(SolutionProperties) = preSolution
		HideSolutionNode = FALSE
	EndGlobalSection
	GlobalSection(ExtensibilityGlobals) = postSolution
		SolutionGuid = {6566125A-A114-4448-9A94-C9951D3FFF9E}
	EndGlobalSection
EndGlobal
